{
  "name": "@curefit/testb",
  "version": "1.0.106",
  "lockfileVersion": 1,
  "requires": true,
  "dependencies": {
    "@curefit/testd": {
      "version": "1.0.57",
      "resolved": "https://registry.npmjs.org/@curefit/testd/-/testd-1.0.57.tgz",
      "integrity": "sha512-dmOfoKOHGHb7AIUboMOHp3FkolK/+/Wbph03+ELavAIDDmzUyYhdl/+5insvh+VP+NRSUhNHcvrE6zd5HMdVWA=="
    }
  }
}
