{
  "name": "@curefit/testb",
  "version": "1.0.280",
  "lockfileVersion": 1,
  "requires": true,
  "dependencies": {
    "@curefit/testc": {
      "version": "1.0.244",
      "resolved": "https://registry.npmjs.org/@curefit/testc/-/testc-1.0.244.tgz",
      "integrity": "sha512-CZT4mRoT2RYWXrznglbBy7nEc6xcXNuW6YKscDelrzhR+ptVY0AOFR3j5/E+JwDjqKQkkB+vlEUS2ogDRDFkhA==",
      "requires": {
        "@curefit/testd": "^1.0.294"
      }
    },
    "@curefit/testd": {
      "version": "1.0.294",
      "resolved": "https://registry.npmjs.org/@curefit/testd/-/testd-1.0.294.tgz",
      "integrity": "sha512-VCzAn5AnW8awDxxGrDavoJrvYramxuUhBfJLyuqsVnOv/oA1F9VhNQbahgD6CnTwaslMPzzU71zQO4zYpWl6Lw=="
    }
  }
}
