{
  "name": "@curefit/testb",
  "version": "1.0.103",
  "lockfileVersion": 1,
  "requires": true,
  "dependencies": {
    "@curefit/testd": {
      "version": "1.0.55",
      "resolved": "https://registry.npmjs.org/@curefit/testd/-/testd-1.0.55.tgz",
      "integrity": "sha512-ogCINIm5do961jY48PXYd/ckqOfmRrqd1bjDrQ/QhwCPdSRW2Hm/1tiTiHeUS6cHeT4TeCTO8skHJgeJsuehXg=="
    }
  }
}
